<?xml version="1.0" encoding="UTF-8" standalone="yes" ?>
<CodeBlocks_project_file>
	<FileVersion major="1" minor="6" />
	<Project>
		<Option title="RayTracerCB" />
		<Option pch_mode="2" />
		<Option compiler="gcc" />
		<Build>
			<Target title="Release Win32">
				<Option output="RayTracerCB" prefix_auto="1" extension_auto="1" />
				<Option type="0" />
				<Option compiler="gcc" />
				<Compiler>
					<Add option="-DWIN32" />
					<Add option="-DNDEBUG" />
					<Add option="-D_CONSOLE" />
				</Compiler>
			</Target>
			<Target title="Debug Win32">
				<Option output="RayTracerCB" prefix_auto="1" extension_auto="1" />
				<Option type="0" />
				<Option compiler="gcc" />
				<Compiler>
					<Add option="-DWIN32" />
					<Add option="-D_DEBUG" />
					<Add option="-D_CONSOLE" />
					<Add directory="D:/codebin/VCnOpenGL/freeglut/include" />
					<Add directory="$(IncludePath)" />
				</Compiler>
				<Linker>
					<Add directory="D:/codebin/VCnOpenGL/freeglut/lib" />
					<Add directory="$(LibraryPath)" />
				</Linker>
			</Target>
		</Build>
		<Unit filename="ClassDiagram.cd" />
		<Unit filename="ClassDiagram1.cd" />
		<Unit filename="color.cpp" />
		<Unit filename="color.h" />
		<Unit filename="geometry.cpp" />
		<Unit filename="geometry.h" />
		<Unit filename="glRoutine.cpp" />
		<Unit filename="glutRoutine.cpp" />
		<Unit filename="header.h" />
		<Unit filename="input.cpp" />
		<Unit filename="main.cpp" />
		<Unit filename="ray.cpp" />
		<Unit filename="ray.h" />
		<Unit filename="rtRoutine.cpp" />
		<Unit filename="scene.cpp" />
		<Unit filename="scene.h" />
		<Unit filename="sphere.cpp" />
		<Unit filename="sphere.h" />
		<Extensions>
			<code_completion />
			<debugger />
		</Extensions>
	</Project>
</CodeBlocks_project_file>
