
Microsoft Visual Studio Solution File, Format Version 12.00
# Visual Studio 2012
Project("{8BC9CEB8-8B4A-11D0-8D11-00A0C91BC942}") = "RayTracerCB", "RayTracerCB.vcxproj", "{C1E97DCE-2B19-42F2-A327-50F8808A69E1}"
EndProject
Global
	GlobalSection(SolutionConfigurationPlatforms) = preSolution
		Debug|Win32 = Debug|Win32
		Release|Win32 = Release|Win32
	EndGlobalSection
	GlobalSection(ProjectConfigurationPlatforms) = postSolution
		{C1E97DCE-2B19-42F2-A327-50F8808A69E1}.Debug|Win32.ActiveCfg = Debug|Win32
		{C1E97DCE-2B19-42F2-A327-50F8808A69E1}.Debug|Win32.Build.0 = Debug|Win32
		{C1E97DCE-2B19-42F2-A327-50F8808A69E1}.Release|Win32.ActiveCfg = Debug|Win32
		{C1E97DCE-2B19-42F2-A327-50F8808A69E1}.Release|Win32.Build.0 = Debug|Win32
	EndGlobalSection
	GlobalSection(SolutionProperties) = preSolution
		HideSolutionNode = FALSE
	EndGlobalSection
	GlobalSection(Performance) = preSolution
		HasPerformanceSessions = true
	EndGlobalSection
EndGlobal
